
Microsoft Visual Studio Solution File, Format Version 12.00
# Visual Studio Version 17
VisualStudioVersion = 17.5.002.0
MinimumVisualStudioVersion = 10.0.40219.1
Project("{9A19103F-16F7-4668-BE54-9A1E7A4F7556}") = "api", "api.csproj", "{D109685A-F6D5-4C8A-9BFA-6B363839199F}"
EndProject
Global
	GlobalSection(SolutionConfigurationPlatforms) = preSolution
		Debug|Any CPU = Debug|Any CPU
		Release|Any CPU = Release|Any CPU
	EndGlobalSection
	GlobalSection(ProjectConfigurationPlatforms) = postSolution
		{D109685A-F6D5-4C8A-9BFA-6B363839199F}.Debug|Any CPU.ActiveCfg = Debug|Any CPU
		{D109685A-F6D5-4C8A-9BFA-6B363839199F}.Debug|Any CPU.Build.0 = Debug|Any CPU
		{D109685A-F6D5-4C8A-9BFA-6B363839199F}.Release|Any CPU.ActiveCfg = Release|Any CPU
		{D109685A-F6D5-4C8A-9BFA-6B363839199F}.Release|Any CPU.Build.0 = Release|Any CPU
	EndGlobalSection
	GlobalSection(SolutionProperties) = preSolution
		HideSolutionNode = FALSE
	EndGlobalSection
	GlobalSection(ExtensibilityGlobals) = postSolution
		SolutionGuid = {02138A89-6116-4F48-8D67-974F487D1746}
	EndGlobalSection
EndGlobal
